
Microsoft Visual Studio Solution File, Format Version 12.00
# Visual Studio Version 16
VisualStudioVersion = 16.0.810.14
MinimumVisualStudioVersion = 10.0.40219.1
Project("{FAE04EC0-301F-11D3-BF4B-00C04F79EFBC}") = "MoviesApi", "MoviesApi.csproj", "{9F050E67-036E-40AB-9DCE-699AF182914C}"
EndProject
Global
	GlobalSection(SolutionConfigurationPlatforms) = preSolution
		Debug|Any CPU = Debug|Any CPU
		Release|Any CPU = Release|Any CPU
	EndGlobalSection
	GlobalSection(ProjectConfigurationPlatforms) = postSolution
		{9F050E67-036E-40AB-9DCE-699AF182914C}.Debug|Any CPU.ActiveCfg = Debug|Any CPU
		{9F050E67-036E-40AB-9DCE-699AF182914C}.Debug|Any CPU.Build.0 = Debug|Any CPU
		{9F050E67-036E-40AB-9DCE-699AF182914C}.Release|Any CPU.ActiveCfg = Release|Any CPU
		{9F050E67-036E-40AB-9DCE-699AF182914C}.Release|Any CPU.Build.0 = Release|Any CPU
	EndGlobalSection
	GlobalSection(SolutionProperties) = preSolution
		HideSolutionNode = FALSE
	EndGlobalSection
	GlobalSection(ExtensibilityGlobals) = postSolution
		SolutionGuid = {8339B4B3-0CD7-42AC-A90D-CBC1EB04A58F}
	EndGlobalSection
EndGlobal
